
Microsoft Visual Studio Solution File, Format Version 12.00
# Visual Studio Version 17
VisualStudioVersion = 17.0.31903.59
MinimumVisualStudioVersion = 10.0.40219.1
Project("{9A19103F-16F7-4668-BE54-9A1E7A4F7556}") = "SunamoYaml.Tests", "SunamoYaml.Tests\\SunamoYaml.Tests.csproj", "{322E2B72-8445-4A41-8379-43568FB90EDA}"
EndProject
Project("{FAE04EC0-301F-11D3-BF4B-00C04F79EFBC}") = "RunnerYaml", "RunnerYaml\\RunnerYaml.csproj", "{D2A46750-2A71-433F-83A7-9856606B1999}"
EndProject
Project("{FAE04EC0-301F-11D3-BF4B-00C04F79EFBC}") = "SunamoYaml", "SunamoYaml\SunamoYaml.csproj", "{1C4071BA-AAAB-4810-B3E9-A747D972EF27}"
EndProject
Global
	GlobalSection(SolutionConfigurationPlatforms) = preSolution
		Debug|Any CPU = Debug|Any CPU
		Debug|x64 = Debug|x64
		Debug|x86 = Debug|x86
		Release|Any CPU = Release|Any CPU
		Release|x64 = Release|x64
		Release|x86 = Release|x86
	EndGlobalSection
	GlobalSection(ProjectConfigurationPlatforms) = postSolution
		{322E2B72-8445-4A41-8379-43568FB90EDA}.Debug|Any CPU.ActiveCfg = Debug|Any CPU
		{322E2B72-8445-4A41-8379-43568FB90EDA}.Debug|Any CPU.Build.0 = Debug|Any CPU
		{322E2B72-8445-4A41-8379-43568FB90EDA}.Debug|x64.ActiveCfg = Debug|Any CPU
		{322E2B72-8445-4A41-8379-43568FB90EDA}.Debug|x64.Build.0 = Debug|Any CPU
		{322E2B72-8445-4A41-8379-43568FB90EDA}.Debug|x86.ActiveCfg = Debug|Any CPU
		{322E2B72-8445-4A41-8379-43568FB90EDA}.Debug|x86.Build.0 = Debug|Any CPU
		{322E2B72-8445-4A41-8379-43568FB90EDA}.Release|Any CPU.ActiveCfg = Release|Any CPU
		{322E2B72-8445-4A41-8379-43568FB90EDA}.Release|Any CPU.Build.0 = Release|Any CPU
		{322E2B72-8445-4A41-8379-43568FB90EDA}.Release|x64.ActiveCfg = Release|Any CPU
		{322E2B72-8445-4A41-8379-43568FB90EDA}.Release|x64.Build.0 = Release|Any CPU
		{322E2B72-8445-4A41-8379-43568FB90EDA}.Release|x86.ActiveCfg = Release|Any CPU
		{322E2B72-8445-4A41-8379-43568FB90EDA}.Release|x86.Build.0 = Release|Any CPU
		{D2A46750-2A71-433F-83A7-9856606B1999}.Debug|Any CPU.ActiveCfg = Debug|Any CPU
		{D2A46750-2A71-433F-83A7-9856606B1999}.Debug|Any CPU.Build.0 = Debug|Any CPU
		{D2A46750-2A71-433F-83A7-9856606B1999}.Debug|x64.ActiveCfg = Debug|Any CPU
		{D2A46750-2A71-433F-83A7-9856606B1999}.Debug|x64.Build.0 = Debug|Any CPU
		{D2A46750-2A71-433F-83A7-9856606B1999}.Debug|x86.ActiveCfg = Debug|Any CPU
		{D2A46750-2A71-433F-83A7-9856606B1999}.Debug|x86.Build.0 = Debug|Any CPU
		{D2A46750-2A71-433F-83A7-9856606B1999}.Release|Any CPU.ActiveCfg = Release|Any CPU
		{D2A46750-2A71-433F-83A7-9856606B1999}.Release|Any CPU.Build.0 = Release|Any CPU
		{D2A46750-2A71-433F-83A7-9856606B1999}.Release|x64.ActiveCfg = Release|Any CPU
		{D2A46750-2A71-433F-83A7-9856606B1999}.Release|x64.Build.0 = Release|Any CPU
		{D2A46750-2A71-433F-83A7-9856606B1999}.Release|x86.ActiveCfg = Release|Any CPU
		{D2A46750-2A71-433F-83A7-9856606B1999}.Release|x86.Build.0 = Release|Any CPU
		{1C4071BA-AAAB-4810-B3E9-A747D972EF27}.Debug|Any CPU.ActiveCfg = Debug|Any CPU
		{1C4071BA-AAAB-4810-B3E9-A747D972EF27}.Debug|Any CPU.Build.0 = Debug|Any CPU
		{1C4071BA-AAAB-4810-B3E9-A747D972EF27}.Debug|x64.ActiveCfg = Debug|Any CPU
		{1C4071BA-AAAB-4810-B3E9-A747D972EF27}.Debug|x64.Build.0 = Debug|Any CPU
		{1C4071BA-AAAB-4810-B3E9-A747D972EF27}.Debug|x86.ActiveCfg = Debug|Any CPU
		{1C4071BA-AAAB-4810-B3E9-A747D972EF27}.Debug|x86.Build.0 = Debug|Any CPU
		{1C4071BA-AAAB-4810-B3E9-A747D972EF27}.Release|Any CPU.ActiveCfg = Release|Any CPU
		{1C4071BA-AAAB-4810-B3E9-A747D972EF27}.Release|Any CPU.Build.0 = Release|Any CPU
		{1C4071BA-AAAB-4810-B3E9-A747D972EF27}.Release|x64.ActiveCfg = Release|Any CPU
		{1C4071BA-AAAB-4810-B3E9-A747D972EF27}.Release|x64.Build.0 = Release|Any CPU
		{1C4071BA-AAAB-4810-B3E9-A747D972EF27}.Release|x86.ActiveCfg = Release|Any CPU
		{1C4071BA-AAAB-4810-B3E9-A747D972EF27}.Release|x86.Build.0 = Release|Any CPU
	EndGlobalSection
	GlobalSection(SolutionProperties) = preSolution
		HideSolutionNode = FALSE
	EndGlobalSection
	GlobalSection(ExtensibilityGlobals) = postSolution
		SolutionGuid = {D1DF5167-A1CE-49FB-B2F1-8E51306E4286}
	EndGlobalSection
EndGlobal
